
Microsoft Visual Studio Solution File, Format Version 12.00
# Visual Studio 15
Project("{FAE04EC0-301F-11D3-BF4B-00C04F79EFBC}") = "Assembly-CSharp", "Assembly-CSharp.csproj", "{6FB4A1F7-EC56-828E-8D0B-F1A6FCF692A9}"
EndProject
Project("{FAE04EC0-301F-11D3-BF4B-00C04F79EFBC}") = "Assembly-CSharp-Editor", "Assembly-CSharp-Editor.csproj", "{4EE48D7E-DE6F-86C2-575F-2854E2786E5A}"
EndProject
Global
	GlobalSection(SolutionConfigurationPlatforms) = preSolution
		Debug|Any CPU = Debug|Any CPU
		Release|Any CPU = Release|Any CPU
	EndGlobalSection
	GlobalSection(ProjectConfigurationPlatforms) = postSolution
		{6FB4A1F7-EC56-828E-8D0B-F1A6FCF692A9}.Debug|Any CPU.ActiveCfg = Debug|Any CPU
		{6FB4A1F7-EC56-828E-8D0B-F1A6FCF692A9}.Debug|Any CPU.Build.0 = Debug|Any CPU
		{6FB4A1F7-EC56-828E-8D0B-F1A6FCF692A9}.Release|Any CPU.ActiveCfg = Release|Any CPU
		{6FB4A1F7-EC56-828E-8D0B-F1A6FCF692A9}.Release|Any CPU.Build.0 = Release|Any CPU
		{4EE48D7E-DE6F-86C2-575F-2854E2786E5A}.Debug|Any CPU.ActiveCfg = Debug|Any CPU
		{4EE48D7E-DE6F-86C2-575F-2854E2786E5A}.Debug|Any CPU.Build.0 = Debug|Any CPU
		{4EE48D7E-DE6F-86C2-575F-2854E2786E5A}.Release|Any CPU.ActiveCfg = Release|Any CPU
		{4EE48D7E-DE6F-86C2-575F-2854E2786E5A}.Release|Any CPU.Build.0 = Release|Any CPU
	EndGlobalSection
	GlobalSection(SolutionProperties) = preSolution
		HideSolutionNode = FALSE
	EndGlobalSection
EndGlobal
